
Microsoft Visual Studio Solution File, Format Version 12.00
# Visual Studio Version 17
VisualStudioVersion = 17.3.32901.215
MinimumVisualStudioVersion = 10.0.40219.1
Project("{FAE04EC0-301F-11D3-BF4B-00C04F79EFBC}") = "Ocr-backend", "Ocr-backend\Ocr-backend.csproj", "{257EC0C5-1998-49C1-A2CB-E887CA9613B0}"
EndProject
Global
	GlobalSection(SolutionConfigurationPlatforms) = preSolution
		Debug|Any CPU = Debug|Any CPU
		Release|Any CPU = Release|Any CPU
	EndGlobalSection
	GlobalSection(ProjectConfigurationPlatforms) = postSolution
		{257EC0C5-1998-49C1-A2CB-E887CA9613B0}.Debug|Any CPU.ActiveCfg = Debug|Any CPU
		{257EC0C5-1998-49C1-A2CB-E887CA9613B0}.Debug|Any CPU.Build.0 = Debug|Any CPU
		{257EC0C5-1998-49C1-A2CB-E887CA9613B0}.Release|Any CPU.ActiveCfg = Release|Any CPU
		{257EC0C5-1998-49C1-A2CB-E887CA9613B0}.Release|Any CPU.Build.0 = Release|Any CPU
	EndGlobalSection
	GlobalSection(SolutionProperties) = preSolution
		HideSolutionNode = FALSE
	EndGlobalSection
	GlobalSection(ExtensibilityGlobals) = postSolution
		SolutionGuid = {CE26D12C-2F13-4676-9AA6-CA6B81D6A79E}
	EndGlobalSection
EndGlobal
